// !$*UTF8*$!
{
	archiveVersion = 1;
	classes = {
	};
	objectVersion = 46;
	objects = {

/* Begin PBXBuildFile section */
		806D342A1BD45B6A009745CC /* fileOperations.cpp in Sources */ = {isa = PBXBuildFile; fileRef = 806D34281BD45B6A009745CC /* fileOperations.cpp */; };
		80D503AA1BC6DDC400E7E5D8 /* main.cpp in Sources */ = {isa = PBXBuildFile; fileRef = 80D503A91BC6DDC400E7E5D8 /* main.cpp */; };
/* End PBXBuildFile section */

/* Begin PBXCopyFilesBuildPhase section */
		80D503A41BC6DDC400E7E5D8 /* CopyFiles */ = {
			isa = PBXCopyFilesBuildPhase;
			buildActionMask = 2147483647;
			dstPath = /usr/share/man/man1/;
			dstSubfolderSpec = 0;
			files = (
			);
			runOnlyForDeploymentPostprocessing = 1;
		};
/* End PBXCopyFilesBuildPhase section */

/* Begin PBXFileReference section */
		806D34281BD45B6A009745CC /* fileOperations.cpp */ = {isa = PBXFileReference; fileEncoding = 4; lastKnownFileType = sourcecode.cpp.cpp; path = fileOperations.cpp; sourceTree = "<group>"; };
		806D34291BD45B6A009745CC /* fileOperations.h */ = {isa = PBXFileReference; fileEncoding = 4; lastKnownFileType = sourcecode.c.h; path = fileOperations.h; sourceTree = "<group>"; };
		80D503A61BC6DDC400E7E5D8 /* TWMailer */ = {isa = PBXFileReference; explicitFileType = "compiled.mach-o.executable"; includeInIndex = 0; path = TWMailer; sourceTree = BUILT_PRODUCTS_DIR; };
		80D503A91BC6DDC400E7E5D8 /* main.cpp */ = {isa = PBXFileReference; lastKnownFileType = sourcecode.cpp.cpp; path = main.cpp; sourceTree = "<group>"; };
/* End PBXFileReference section */

/* Begin PBXFrameworksBuildPhase section */
		80D503A31BC6DDC400E7E5D8 /* Frameworks */ = {
			isa = PBXFrameworksBuildPhase;
			buildActionMask = 2147483647;
			files = (
			);
			runOnlyForDeploymentPostprocessing = 0;
		};
/* End PBXFrameworksBuildPhase section */

/* Begin PBXGroup section */
		80D5039D1BC6DDC400E7E5D8 = {
			isa = PBXGroup;
			children = (
				80D503A81BC6DDC400E7E5D8 /* TWMailer */,
				80D503A71BC6DDC400E7E5D8 /* Products */,
			);
			sourceTree = "<group>";
		};
		80D503A71BC6DDC400E7E5D8 /* Products */ = {
			isa = PBXGroup;
			children = (
				80D503A61BC6DDC400E7E5D8 /* TWMailer */,
			);
			name = Products;
			sourceTree = "<group>";
		};
		80D503A81BC6DDC400E7E5D8 /* TWMailer */ = {
			isa = PBXGroup;
			children = (
				80D503A91BC6DDC400E7E5D8 /* main.cpp */,
				806D34281BD45B6A009745CC /* fileOperations.cpp */,
				806D34291BD45B6A009745CC /* fileOperations.h */,
			);
			path = TWMailer;
			sourceTree = "<group>";
		};
/* End PBXGroup section */

/* Begin PBXNativeTarget section */
		80D503A51BC6DDC400E7E5D8 /* TWMailer */ = {
			isa = PBXNativeTarget;
			buildConfigurationList = 80D503AD1BC6DDC400E7E5D8 /* Build configuration list for PBXNativeTarget "TWMailer" */;
			buildPhases = (
				80D503A21BC6DDC400E7E5D8 /* Sources */,
				80D503A31BC6DDC400E7E5D8 /* Frameworks */,
				80D503A41BC6DDC400E7E5D8 /* CopyFiles */,
			);
			buildRules = (
			);
			dependencies = (
			);
			name = TWMailer;
			productName = TWMailer;
			productReference = 80D503A61BC6DDC400E7E5D8 /* TWMailer */;
			productType = "com.apple.product-type.tool";
		};
/* End PBXNativeTarget section */

/* Begin PBXProject section */
		80D5039E1BC6DDC400E7E5D8 /* Project object */ = {
			isa = PBXProject;
			attributes = {
				LastUpgradeCheck = 0630;
				ORGANIZATIONNAME = "Lukas Reisinger";
				TargetAttributes = {
					80D503A51BC6DDC400E7E5D8 = {
						CreatedOnToolsVersion = 6.3.2;
					};
				};
			};
			buildConfigurationList = 80D503A11BC6DDC400E7E5D8 /* Build configuration list for PBXProject "TWMailer" */;
			compatibilityVersion = "Xcode 3.2";
			developmentRegion = English;
			hasScannedForEncodings = 0;
			knownRegions = (
				en,
			);
			mainGroup = 80D5039D1BC6DDC400E7E5D8;
			productRefGroup = 80D503A71BC6DDC400E7E5D8 /* Products */;
			projectDirPath = "";
			projectRoot = "";
			targets = (
				80D503A51BC6DDC400E7E5D8 /* TWMailer */,
			);
		};
/* End PBXProject section */

/* Begin PBXSourcesBuildPhase section */
		80D503A21BC6DDC400E7E5D8 /* Sources */ = {
			isa = PBXSourcesBuildPhase;
			buildActionMask = 2147483647;
			files = (
				80D503AA1BC6DDC400E7E5D8 /* main.cpp in Sources */,
				806D342A1BD45B6A009745CC /* fileOperations.cpp in Sources */,
			);
			runOnlyForDeploymentPostprocessing = 0;
		};
/* End PBXSourcesBuildPhase section */

/* Begin XCBuildConfiguration section */
		80D503AB1BC6DDC400E7E5D8 /* Debug */ = {
			isa = XCBuildConfiguration;
			buildSettings = {
				ALWAYS_SEARCH_USER_PATHS = NO;
				CLANG_CXX_LANGUAGE_STANDARD = "gnu++0x";
				CLANG_CXX_LIBRARY = "libc++";
				CLANG_ENABLE_MODULES = YES;
				CLANG_ENABLE_OBJC_ARC = YES;
				CLANG_WARN_BOOL_CONVERSION = YES;
				CLANG_WARN_CONSTANT_CONVERSION = YES;
				CLANG_WARN_DIRECT_OBJC_ISA_USAGE = YES_ERROR;
				CLANG_WARN_EMPTY_BODY = YES;
				CLANG_WARN_ENUM_CONVERSION = YES;
				CLANG_WARN_INT_CONVERSION = YES;
				CLANG_WARN_OBJC_ROOT_CLASS = YES_ERROR;
				CLANG_WARN_UNREACHABLE_CODE = YES;
				CLANG_WARN__DUPLICATE_METHOD_MATCH = YES;
				COPY_PHASE_STRIP = NO;
				DEBUG_INFORMATION_FORMAT = dwarf;
				ENABLE_STRICT_OBJC_MSGSEND = YES;
				GCC_C_LANGUAGE_STANDARD = gnu99;
				GCC_DYNAMIC_NO_PIC = NO;
				GCC_NO_COMMON_BLOCKS = YES;
				GCC_OPTIMIZATION_LEVEL = 0;
				GCC_PREPROCESSOR_DEFINITIONS = (
					"DEBUG=1",
					"$(inherited)",
				);
				GCC_SYMBOLS_PRIVATE_EXTERN = NO;
				GCC_WARN_64_TO_32_BIT_CONVERSION = YES;
				GCC_WARN_ABOUT_RETURN_TYPE = YES_ERROR;
				GCC_WARN_UNDECLARED_SELECTOR = YES;
				GCC_WARN_UNINITIALIZED_AUTOS = YES_AGGRESSIVE;
				GCC_WARN_UNUSED_FUNCTION = YES;
				GCC_WARN_UNUSED_VARIABLE = YES;
				MACOSX_DEPLOYMENT_TARGET = 10.10;
				MTL_ENABLE_DEBUG_INFO = YES;
				ONLY_ACTIVE_ARCH = YES;
				SDKROOT = macosx;
			};
			name = Debug;
		};
		80D503AC1BC6DDC400E7E5D8 /* Release */ = {
			isa = XCBuildConfiguration;
			buildSettings = {
				ALWAYS_SEARCH_USER_PATHS = NO;
				CLANG_CXX_LANGUAGE_STANDARD = "gnu++0x";
				CLANG_CXX_LIBRARY = "libc++";
				CLANG_ENABLE_MODULES = YES;
				CLANG_ENABLE_OBJC_ARC = YES;
				CLANG_WARN_BOOL_CONVERSION = YES;
				CLANG_WARN_CONSTANT_CONVERSION = YES;
				CLANG_WARN_DIRECT_OBJC_ISA_USAGE = YES_ERROR;
				CLANG_WARN_EMPTY_BODY = YES;
				CLANG_WARN_ENUM_CONVERSION = YES;
				CLANG_WARN_INT_CONVERSION = YES;
				CLANG_WARN_OBJC_ROOT_CLASS = YES_ERROR;
				CLANG_WARN_UNREACHABLE_CODE = YES;
				CLANG_WARN__DUPLICATE_METHOD_MATCH = YES;
				COPY_PHASE_STRIP = NO;
				DEBUG_INFORMATION_FORMAT = "dwarf-with-dsym";
				ENABLE_NS_ASSERTIONS = NO;
				ENABLE_STRICT_OBJC_MSGSEND = YES;
				GCC_C_LANGUAGE_STANDARD = gnu99;
				GCC_NO_COMMON_BLOCKS = YES;
				GCC_WARN_64_TO_32_BIT_CONVERSION = YES;
				GCC_WARN_ABOUT_RETURN_TYPE = YES_ERROR;
				GCC_WARN_UNDECLARED_SELECTOR = YES;
				GCC_WARN_UNINITIALIZED_AUTOS = YES_AGGRESSIVE;
				GCC_WARN_UNUSED_FUNCTION = YES;
				GCC_WARN_UNUSED_VARIABLE = YES;
				MACOSX_DEPLOYMENT_TARGET = 10.10;
				MTL_ENABLE_DEBUG_INFO = NO;
				SDKROOT = macosx;
			};
			name = Release;
		};
		80D503AE1BC6DDC400E7E5D8 /* Debug */ = {
			isa = XCBuildConfiguration;
			buildSettings = {
				PRODUCT_NAME = "$(TARGET_NAME)";
			};
			name = Debug;
		};
		80D503AF1BC6DDC400E7E5D8 /* Release */ = {
			isa = XCBuildConfiguration;
			buildSettings = {
				PRODUCT_NAME = "$(TARGET_NAME)";
			};
			name = Release;
		};
/* End XCBuildConfiguration section */

/* Begin XCConfigurationList section */
		80D503A11BC6DDC400E7E5D8 /* Build configuration list for PBXProject "TWMailer" */ = {
			isa = XCConfigurationList;
			buildConfigurations = (
				80D503AB1BC6DDC400E7E5D8 /* Debug */,
				80D503AC1BC6DDC400E7E5D8 /* Release */,
			);
			defaultConfigurationIsVisible = 0;
			defaultConfigurationName = Release;
		};
		80D503AD1BC6DDC400E7E5D8 /* Build configuration list for PBXNativeTarget "TWMailer" */ = {
			isa = XCConfigurationList;
			buildConfigurations = (
				80D503AE1BC6DDC400E7E5D8 /* Debug */,
				80D503AF1BC6DDC400E7E5D8 /* Release */,
			);
			defaultConfigurationIsVisible = 0;
			defaultConfigurationName = Release;
		};
/* End XCConfigurationList section */
	};
	rootObject = 80D5039E1BC6DDC400E7E5D8 /* Project object */;
}
